// !$*UTF8*$!
{
	archiveVersion = 1;
	classes = {
	};
	objectVersion = 77;
	objects = {

/* Begin PBXContainerItemProxy section */
		FB1D52C32EB7E4F10025CC68 /* PBXContainerItemProxy */ = {
			isa = PBXContainerItemProxy;
			containerPortal = FB1D52AD2EB7E4EF0025CC68 /* Project object */;
			proxyType = 1;
			remoteGlobalIDString = FB1D52B42EB7E4EF0025CC68;
			remoteInfo = CMICAswift;
		};
		FB1D52CD2EB7E4F20025CC68 /* PBXContainerItemProxy */ = {
			isa = PBXContainerItemProxy;
			containerPortal = FB1D52AD2EB7E4EF0025CC68 /* Project object */;
			proxyType = 1;
			remoteGlobalIDString = FB1D52B42EB7E4EF0025CC68;
			remoteInfo = CMICAswift;
		};
/* End PBXContainerItemProxy section */

/* Begin PBXFileReference section */
		FB1D52B52EB7E4EF0025CC68 /* CMICAswift.app */ = {isa = PBXFileReference; explicitFileType = wrapper.application; includeInIndex = 0; path = CMICAswift.app; sourceTree = BUILT_PRODUCTS_DIR; };
		FB1D52C22EB7E4F10025CC68 /* CMICAswiftTests.xctest */ = {isa = PBXFileReference; explicitFileType = wrapper.cfbundle; includeInIndex = 0; path = CMICAswiftTests.xctest; sourceTree = BUILT_PRODUCTS_DIR; };
		FB1D52CC2EB7E4F20025CC68 /* CMICAswiftUITests.xctest */ = {isa = PBXFileReference; explicitFileType = wrapper.cfbundle; includeInIndex = 0; path = CMICAswiftUITests.xctest; sourceTree = BUILT_PRODUCTS_DIR; };
/* End PBXFileReference section */

/* Begin PBXFileSystemSynchronizedRootGroup section */
		FB1D52B72EB7E4EF0025CC68 /* CMICAswift */ = {
			isa = PBXFileSystemSynchronizedRootGroup;
			path = CMICAswift;
			sourceTree = "<group>";
		};
		FB1D52C52EB7E4F10025CC68 /* CMICAswiftTests */ = {
			isa = PBXFileSystemSynchronizedRootGroup;
			path = CMICAswiftTests;
			sourceTree = "<group>";
		};
		FB1D52CF2EB7E4F20025CC68 /* CMICAswiftUITests */ = {
			isa = PBXFileSystemSynchronizedRootGroup;
			path = CMICAswiftUITests;
			sourceTree = "<group>";
		};
/* End PBXFileSystemSynchronizedRootGroup section */

/* Begin PBXFrameworksBuildPhase section */
		FB1D52B22EB7E4EF0025CC68 /* Frameworks */ = {
			isa = PBXFrameworksBuildPhase;
			buildActionMask = 2147483647;
			files = (
			);
			runOnlyForDeploymentPostprocessing = 0;
		};
		FB1D52BF2EB7E4F10025CC68 /* Frameworks */ = {
			isa = PBXFrameworksBuildPhase;
			buildActionMask = 2147483647;
			files = (
			);
			runOnlyForDeploymentPostprocessing = 0;
		};
		FB1D52C92EB7E4F20025CC68 /* Frameworks */ = {
			isa = PBXFrameworksBuildPhase;
			buildActionMask = 2147483647;
			files = (
			);
			runOnlyForDeploymentPostprocessing = 0;
		};
/* End PBXFrameworksBuildPhase section */

/* Begin PBXGroup section */
		FB1D52AC2EB7E4EF0025CC68 = {
			isa = PBXGroup;
			children = (
				FB1D52B72EB7E4EF0025CC68 /* CMICAswift */,
				FB1D52C52EB7E4F10025CC68 /* CMICAswiftTests */,
				FB1D52CF2EB7E4F20025CC68 /* CMICAswiftUITests */,
				FB1D52B62EB7E4EF0025CC68 /* Products */,
			);
			sourceTree = "<group>";
		};
		FB1D52B62EB7E4EF0025CC68 /* Products */ = {
			isa = PBXGroup;
			children = (
				FB1D52B52EB7E4EF0025CC68 /* CMICAswift.app */,
				FB1D52C22EB7E4F10025CC68 /* CMICAswiftTests.xctest */,
				FB1D52CC2EB7E4F20025CC68 /* CMICAswiftUITests.xctest */,
			);
			name = Products;
			sourceTree = "<group>";
		};
/* End PBXGroup section */

/* Begin PBXNativeTarget section */
		FB1D52B42EB7E4EF0025CC68 /* CMICAswift */ = {
			isa = PBXNativeTarget;
			buildConfigurationList = FB1D52D62EB7E4F20025CC68 /* Build configuration list for PBXNativeTarget "CMICAswift" */;
			buildPhases = (
				FB1D52B12EB7E4EF0025CC68 /* Sources */,
				FB1D52B22EB7E4EF0025CC68 /* Frameworks */,
				FB1D52B32EB7E4EF0025CC68 /* Resources */,
			);
			buildRules = (
			);
			dependencies = (
			);
			fileSystemSynchronizedGroups = (
				FB1D52B72EB7E4EF0025CC68 /* CMICAswift */,
			);
			name = CMICAswift;
			packageProductDependencies = (
			);
			productName = CMICAswift;
			productReference = FB1D52B52EB7E4EF0025CC68 /* CMICAswift.app */;
			productType = "com.apple.product-type.application";
		};
		FB1D52C12EB7E4F10025CC68 /* CMICAswiftTests */ = {
			isa = PBXNativeTarget;
			buildConfigurationList = FB1D52D92EB7E4F20025CC68 /* Build configuration list for PBXNativeTarget "CMICAswiftTests" */;
			buildPhases = (
				FB1D52BE2EB7E4F10025CC68 /* Sources */,
				FB1D52BF2EB7E4F10025CC68 /* Frameworks */,
				FB1D52C02EB7E4F10025CC68 /* Resources */,
			);
			buildRules = (
			);
			dependencies = (
				FB1D52C42EB7E4F10025CC68 /* PBXTargetDependency */,
			);
			fileSystemSynchronizedGroups = (
				FB1D52C52EB7E4F10025CC68 /* CMICAswiftTests */,
			);
			name = CMICAswiftTests;
			packageProductDependencies = (
			);
			productName = CMICAswiftTests;
			productReference = FB1D52C22EB7E4F10025CC68 /* CMICAswiftTests.xctest */;
			productType = "com.apple.product-type.bundle.unit-test";
		};
		FB1D52CB2EB7E4F20025CC68 /* CMICAswiftUITests */ = {
			isa = PBXNativeTarget;
			buildConfigurationList = FB1D52DC2EB7E4F20025CC68 /* Build configuration list for PBXNativeTarget "CMICAswiftUITests" */;
			buildPhases = (
				FB1D52C82EB7E4F20025CC68 /* Sources */,
				FB1D52C92EB7E4F20025CC68 /* Frameworks */,
				FB1D52CA2EB7E4F20025CC68 /* Resources */,
			);
			buildRules = (
			);
			dependencies = (
				FB1D52CE2EB7E4F20025CC68 /* PBXTargetDependency */,
			);
			fileSystemSynchronizedGroups = (
				FB1D52CF2EB7E4F20025CC68 /* CMICAswiftUITests */,
			);
			name = CMICAswiftUITests;
			packageProductDependencies = (
			);
			productName = CMICAswiftUITests;
			productReference = FB1D52CC2EB7E4F20025CC68 /* CMICAswiftUITests.xctest */;
			productType = "com.apple.product-type.bundle.ui-testing";
		};
/* End PBXNativeTarget section */

/* Begin PBXProject section */
		FB1D52AD2EB7E4EF0025CC68 /* Project object */ = {
			isa = PBXProject;
			attributes = {
				BuildIndependentTargetsInParallel = 1;
				LastSwiftUpdateCheck = 1630;
				LastUpgradeCheck = 1630;
				TargetAttributes = {
					FB1D52B42EB7E4EF0025CC68 = {
						CreatedOnToolsVersion = 16.3;
					};
					FB1D52C12EB7E4F10025CC68 = {
						CreatedOnToolsVersion = 16.3;
						TestTargetID = FB1D52B42EB7E4EF0025CC68;
					};
					FB1D52CB2EB7E4F20025CC68 = {
						CreatedOnToolsVersion = 16.3;
						TestTargetID = FB1D52B42EB7E4EF0025CC68;
					};
				};
			};
			buildConfigurationList = FB1D52B02EB7E4EF0025CC68 /* Build configuration list for PBXProject "CMICAswift" */;
			developmentRegion = en;
			hasScannedForEncodings = 0;
			knownRegions = (
				en,
				Base,
			);
			mainGroup = FB1D52AC2EB7E4EF0025CC68;
			minimizedProjectReferenceProxies = 1;
			preferredProjectObjectVersion = 77;
			productRefGroup = FB1D52B62EB7E4EF0025CC68 /* Products */;
			projectDirPath = "";
			projectRoot = "";
			targets = (
				FB1D52B42EB7E4EF0025CC68 /* CMICAswift */,
				FB1D52C12EB7E4F10025CC68 /* CMICAswiftTests */,
				FB1D52CB2EB7E4F20025CC68 /* CMICAswiftUITests */,
			);
		};
/* End PBXProject section */

/* Begin PBXResourcesBuildPhase section */
		FB1D52B32EB7E4EF0025CC68 /* Resources */ = {
			isa = PBXResourcesBuildPhase;
			buildActionMask = 2147483647;
			files = (
			);
			runOnlyForDeploymentPostprocessing = 0;
		};
		FB1D52C02EB7E4F10025CC68 /* Resources */ = {
			isa = PBXResourcesBuildPhase;
			buildActionMask = 2147483647;
			files = (
			);
			runOnlyForDeploymentPostprocessing = 0;
		};
		FB1D52CA2EB7E4F20025CC68 /* Resources */ = {
			isa = PBXResourcesBuildPhase;
			buildActionMask = 2147483647;
			files = (
			);
			runOnlyForDeploymentPostprocessing = 0;
		};
/* End PBXResourcesBuildPhase section */

/* Begin PBXSourcesBuildPhase section */
		FB1D52B12EB7E4EF0025CC68 /* Sources */ = {
			isa = PBXSourcesBuildPhase;
			buildActionMask = 2147483647;
			files = (
			);
			runOnlyForDeploymentPostprocessing = 0;
		};
		FB1D52BE2EB7E4F10025CC68 /* Sources */ = {
			isa = PBXSourcesBuildPhase;
			buildActionMask = 2147483647;
			files = (
			);
			runOnlyForDeploymentPostprocessing = 0;
		};
		FB1D52C82EB7E4F20025CC68 /* Sources */ = {
			isa = PBXSourcesBuildPhase;
			buildActionMask = 2147483647;
			files = (
			);
			runOnlyForDeploymentPostprocessing = 0;
		};
/* End PBXSourcesBuildPhase section */

/* Begin PBXTargetDependency section */
		FB1D52C42EB7E4F10025CC68 /* PBXTargetDependency */ = {
			isa = PBXTargetDependency;
			target = FB1D52B42EB7E4EF0025CC68 /* CMICAswift */;
			targetProxy = FB1D52C32EB7E4F10025CC68 /* PBXContainerItemProxy */;
		};
		FB1D52CE2EB7E4F20025CC68 /* PBXTargetDependency */ = {
			isa = PBXTargetDependency;
			target = FB1D52B42EB7E4EF0025CC68 /* CMICAswift */;
			targetProxy = FB1D52CD2EB7E4F20025CC68 /* PBXContainerItemProxy */;
		};
/* End PBXTargetDependency section */

/* Begin XCBuildConfiguration section */
		FB1D52D42EB7E4F20025CC68 /* Debug */ = {
			isa = XCBuildConfiguration;
			buildSettings = {
				ALWAYS_SEARCH_USER_PATHS = NO;
				ASSETCATALOG_COMPILER_GENERATE_SWIFT_ASSET_SYMBOL_EXTENSIONS = YES;
				CLANG_ANALYZER_NONNULL = YES;
				CLANG_ANALYZER_NUMBER_OBJECT_CONVERSION = YES_AGGRESSIVE;
				CLANG_CXX_LANGUAGE_STANDARD = "gnu++20";
				CLANG_ENABLE_MODULES = YES;
				CLANG_ENABLE_OBJC_ARC = YES;
				CLANG_ENABLE_OBJC_WEAK = YES;
				CLANG_WARN_BLOCK_CAPTURE_AUTORELEASING = YES;
				CLANG_WARN_BOOL_CONVERSION = YES;
				CLANG_WARN_COMMA = YES;
				CLANG_WARN_CONSTANT_CONVERSION = YES;
				CLANG_WARN_DEPRECATED_OBJC_IMPLEMENTATIONS = YES;
				CLANG_WARN_DIRECT_OBJC_ISA_USAGE = YES_ERROR;
				CLANG_WARN_DOCUMENTATION_COMMENTS = YES;
				CLANG_WARN_EMPTY_BODY = YES;
				CLANG_WARN_ENUM_CONVERSION = YES;
				CLANG_WARN_INFINITE_RECURSION = YES;
				CLANG_WARN_INT_CONVERSION = YES;
				CLANG_WARN_NON_LITERAL_NULL_CONVERSION = YES;
				CLANG_WARN_OBJC_IMPLICIT_RETAIN_SELF = YES;
				CLANG_WARN_OBJC_LITERAL_CONVERSION = YES;
				CLANG_WARN_OBJC_ROOT_CLASS = YES_ERROR;
				CLANG_WARN_QUOTED_INCLUDE_IN_FRAMEWORK_HEADER = YES;
				CLANG_WARN_RANGE_LOOP_ANALYSIS = YES;
				CLANG_WARN_STRICT_PROTOTYPES = YES;
				CLANG_WARN_SUSPICIOUS_MOVE = YES;
				CLANG_WARN_UNGUARDED_AVAILABILITY = YES_AGGRESSIVE;
				CLANG_WARN_UNREACHABLE_CODE = YES;
				CLANG_WARN__DUPLICATE_METHOD_MATCH = YES;
				COPY_PHASE_STRIP = NO;
				DEBUG_INFORMATION_FORMAT = dwarf;
				ENABLE_STRICT_OBJC_MSGSEND = YES;
				ENABLE_TESTABILITY = YES;
				ENABLE_USER_SCRIPT_SANDBOXING = YES;
				GCC_C_LANGUAGE_STANDARD = gnu17;
				GCC_DYNAMIC_NO_PIC = NO;
				GCC_NO_COMMON_BLOCKS = YES;
				GCC_OPTIMIZATION_LEVEL = 0;
				GCC_PREPROCESSOR_DEFINITIONS = (
					"DEBUG=1",
					"$(inherited)",
				);
				GCC_WARN_64_TO_32_BIT_CONVERSION = YES;
				GCC_WARN_ABOUT_RETURN_TYPE = YES_ERROR;
				GCC_WARN_UNDECLARED_SELECTOR = YES;
				GCC_WARN_UNINITIALIZED_AUTOS = YES_AGGRESSIVE;
				GCC_WARN_UNUSED_FUNCTION = YES;
				GCC_WARN_UNUSED_VARIABLE = YES;
				IPHONEOS_DEPLOYMENT_TARGET = 18.4;
				LOCALIZATION_PREFERS_STRING_CATALOGS = YES;
				MTL_ENABLE_DEBUG_INFO = INCLUDE_SOURCE;
				MTL_FAST_MATH = YES;
				ONLY_ACTIVE_ARCH = YES;
				SDKROOT = iphoneos;
				SWIFT_ACTIVE_COMPILATION_CONDITIONS = "DEBUG $(inherited)";
				SWIFT_OPTIMIZATION_LEVEL = "-Onone";
			};
			name = Debug;
		};
		FB1D52D52EB7E4F20025CC68 /* Release */ = {
			isa = XCBuildConfiguration;
			buildSettings = {
				ALWAYS_SEARCH_USER_PATHS = NO;
				ASSETCATALOG_COMPILER_GENERATE_SWIFT_ASSET_SYMBOL_EXTENSIONS = YES;
				CLANG_ANALYZER_NONNULL = YES;
				CLANG_ANALYZER_NUMBER_OBJECT_CONVERSION = YES_AGGRESSIVE;
				CLANG_CXX_LANGUAGE_STANDARD = "gnu++20";
				CLANG_ENABLE_MODULES = YES;
				CLANG_ENABLE_OBJC_ARC = YES;
				CLANG_ENABLE_OBJC_WEAK = YES;
				CLANG_WARN_BLOCK_CAPTURE_AUTORELEASING = YES;
				CLANG_WARN_BOOL_CONVERSION = YES;
				CLANG_WARN_COMMA = YES;
				CLANG_WARN_CONSTANT_CONVERSION = YES;
				CLANG_WARN_DEPRECATED_OBJC_IMPLEMENTATIONS = YES;
				CLANG_WARN_DIRECT_OBJC_ISA_USAGE = YES_ERROR;
				CLANG_WARN_DOCUMENTATION_COMMENTS = YES;
				CLANG_WARN_EMPTY_BODY = YES;
				CLANG_WARN_ENUM_CONVERSION = YES;
				CLANG_WARN_INFINITE_RECURSION = YES;
				CLANG_WARN_INT_CONVERSION = YES;
				CLANG_WARN_NON_LITERAL_NULL_CONVERSION = YES;
				CLANG_WARN_OBJC_IMPLICIT_RETAIN_SELF = YES;
				CLANG_WARN_OBJC_LITERAL_CONVERSION = YES;
				CLANG_WARN_OBJC_ROOT_CLASS = YES_ERROR;
				CLANG_WARN_QUOTED_INCLUDE_IN_FRAMEWORK_HEADER = YES;
				CLANG_WARN_RANGE_LOOP_ANALYSIS = YES;
				CLANG_WARN_STRICT_PROTOTYPES = YES;
				CLANG_WARN_SUSPICIOUS_MOVE = YES;
				CLANG_WARN_UNGUARDED_AVAILABILITY = YES_AGGRESSIVE;
				CLANG_WARN_UNREACHABLE_CODE = YES;
				CLANG_WARN__DUPLICATE_METHOD_MATCH = YES;
				COPY_PHASE_STRIP = NO;
				DEBUG_INFORMATION_FORMAT = "dwarf-with-dsym";
				ENABLE_NS_ASSERTIONS = NO;
				ENABLE_STRICT_OBJC_MSGSEND = YES;
				ENABLE_USER_SCRIPT_SANDBOXING = YES;
				GCC_C_LANGUAGE_STANDARD = gnu17;
				GCC_NO_COMMON_BLOCKS = YES;
				GCC_WARN_64_TO_32_BIT_CONVERSION = YES;
				GCC_WARN_ABOUT_RETURN_TYPE = YES_ERROR;
				GCC_WARN_UNDECLARED_SELECTOR = YES;
				GCC_WARN_UNINITIALIZED_AUTOS = YES_AGGRESSIVE;
				GCC_WARN_UNUSED_FUNCTION = YES;
				GCC_WARN_UNUSED_VARIABLE = YES;
				IPHONEOS_DEPLOYMENT_TARGET = 18.4;
				LOCALIZATION_PREFERS_STRING_CATALOGS = YES;
				MTL_ENABLE_DEBUG_INFO = NO;
				MTL_FAST_MATH = YES;
				SDKROOT = iphoneos;
				SWIFT_COMPILATION_MODE = wholemodule;
				VALIDATE_PRODUCT = YES;
			};
			name = Release;
		};
		FB1D52D72EB7E4F20025CC68 /* Debug */ = {
			isa = XCBuildConfiguration;
			buildSettings = {
				ASSETCATALOG_COMPILER_APPICON_NAME = AppIcon;
				ASSETCATALOG_COMPILER_GLOBAL_ACCENT_COLOR_NAME = AccentColor;
				CODE_SIGN_STYLE = Automatic;
				CURRENT_PROJECT_VERSION = 1;
				ENABLE_PREVIEWS = YES;
				GENERATE_INFOPLIST_FILE = YES;
				INFOPLIST_KEY_UIApplicationSceneManifest_Generation = YES;
				INFOPLIST_KEY_UIApplicationSupportsIndirectInputEvents = YES;
				INFOPLIST_KEY_UILaunchScreen_Generation = YES;
				INFOPLIST_KEY_UISupportedInterfaceOrientations_iPad = "UIInterfaceOrientationPortrait UIInterfaceOrientationPortraitUpsideDown UIInterfaceOrientationLandscapeLeft UIInterfaceOrientationLandscapeRight";
				INFOPLIST_KEY_UISupportedInterfaceOrientations_iPhone = "UIInterfaceOrientationPortrait UIInterfaceOrientationLandscapeLeft UIInterfaceOrientationLandscapeRight";
				LD_RUNPATH_SEARCH_PATHS = (
					"$(inherited)",
					"@executable_path/Frameworks",
				);
				MARKETING_VERSION = 1.0;
				PRODUCT_BUNDLE_IDENTIFIER = A01738309.CMICAswift;
				PRODUCT_NAME = "$(TARGET_NAME)";
				SWIFT_EMIT_LOC_STRINGS = YES;
				SWIFT_VERSION = 5.0;
				TARGETED_DEVICE_FAMILY = "1,2";
			};
			name = Debug;
		};
		FB1D52D82EB7E4F20025CC68 /* Release */ = {
			isa = XCBuildConfiguration;
			buildSettings = {
				ASSETCATALOG_COMPILER_APPICON_NAME = AppIcon;
				ASSETCATALOG_COMPILER_GLOBAL_ACCENT_COLOR_NAME = AccentColor;
				CODE_SIGN_STYLE = Automatic;
				CURRENT_PROJECT_VERSION = 1;
				ENABLE_PREVIEWS = YES;
				GENERATE_INFOPLIST_FILE = YES;
				INFOPLIST_KEY_UIApplicationSceneManifest_Generation = YES;
				INFOPLIST_KEY_UIApplicationSupportsIndirectInputEvents = YES;
				INFOPLIST_KEY_UILaunchScreen_Generation = YES;
				INFOPLIST_KEY_UISupportedInterfaceOrientations_iPad = "UIInterfaceOrientationPortrait UIInterfaceOrientationPortraitUpsideDown UIInterfaceOrientationLandscapeLeft UIInterfaceOrientationLandscapeRight";
				INFOPLIST_KEY_UISupportedInterfaceOrientations_iPhone = "UIInterfaceOrientationPortrait UIInterfaceOrientationLandscapeLeft UIInterfaceOrientationLandscapeRight";
				LD_RUNPATH_SEARCH_PATHS = (
					"$(inherited)",
					"@executable_path/Frameworks",
				);
				MARKETING_VERSION = 1.0;
				PRODUCT_BUNDLE_IDENTIFIER = A01738309.CMICAswift;
				PRODUCT_NAME = "$(TARGET_NAME)";
				SWIFT_EMIT_LOC_STRINGS = YES;
				SWIFT_VERSION = 5.0;
				TARGETED_DEVICE_FAMILY = "1,2";
			};
			name = Release;
		};
		FB1D52DA2EB7E4F20025CC68 /* Debug */ = {
			isa = XCBuildConfiguration;
			buildSettings = {
				BUNDLE_LOADER = "$(TEST_HOST)";
				CODE_SIGN_STYLE = Automatic;
				CURRENT_PROJECT_VERSION = 1;
				GENERATE_INFOPLIST_FILE = YES;
				IPHONEOS_DEPLOYMENT_TARGET = 18.4;
				MARKETING_VERSION = 1.0;
				PRODUCT_BUNDLE_IDENTIFIER = A01738309.CMICAswiftTests;
				PRODUCT_NAME = "$(TARGET_NAME)";
				SWIFT_EMIT_LOC_STRINGS = NO;
				SWIFT_VERSION = 5.0;
				TARGETED_DEVICE_FAMILY = "1,2";
				TEST_HOST = "$(BUILT_PRODUCTS_DIR)/CMICAswift.app/$(BUNDLE_EXECUTABLE_FOLDER_PATH)/CMICAswift";
			};
			name = Debug;
		};
		FB1D52DB2EB7E4F20025CC68 /* Release */ = {
			isa = XCBuildConfiguration;
			buildSettings = {
				BUNDLE_LOADER = "$(TEST_HOST)";
				CODE_SIGN_STYLE = Automatic;
				CURRENT_PROJECT_VERSION = 1;
				GENERATE_INFOPLIST_FILE = YES;
				IPHONEOS_DEPLOYMENT_TARGET = 18.4;
				MARKETING_VERSION = 1.0;
				PRODUCT_BUNDLE_IDENTIFIER = A01738309.CMICAswiftTests;
				PRODUCT_NAME = "$(TARGET_NAME)";
				SWIFT_EMIT_LOC_STRINGS = NO;
				SWIFT_VERSION = 5.0;
				TARGETED_DEVICE_FAMILY = "1,2";
				TEST_HOST = "$(BUILT_PRODUCTS_DIR)/CMICAswift.app/$(BUNDLE_EXECUTABLE_FOLDER_PATH)/CMICAswift";
			};
			name = Release;
		};
		FB1D52DD2EB7E4F20025CC68 /* Debug */ = {
			isa = XCBuildConfiguration;
			buildSettings = {
				CODE_SIGN_STYLE = Automatic;
				CURRENT_PROJECT_VERSION = 1;
				GENERATE_INFOPLIST_FILE = YES;
				MARKETING_VERSION = 1.0;
				PRODUCT_BUNDLE_IDENTIFIER = A01738309.CMICAswiftUITests;
				PRODUCT_NAME = "$(TARGET_NAME)";
				SWIFT_EMIT_LOC_STRINGS = NO;
				SWIFT_VERSION = 5.0;
				TARGETED_DEVICE_FAMILY = "1,2";
				TEST_TARGET_NAME = CMICAswift;
			};
			name = Debug;
		};
		FB1D52DE2EB7E4F20025CC68 /* Release */ = {
			isa = XCBuildConfiguration;
			buildSettings = {
				CODE_SIGN_STYLE = Automatic;
				CURRENT_PROJECT_VERSION = 1;
				GENERATE_INFOPLIST_FILE = YES;
				MARKETING_VERSION = 1.0;
				PRODUCT_BUNDLE_IDENTIFIER = A01738309.CMICAswiftUITests;
				PRODUCT_NAME = "$(TARGET_NAME)";
				SWIFT_EMIT_LOC_STRINGS = NO;
				SWIFT_VERSION = 5.0;
				TARGETED_DEVICE_FAMILY = "1,2";
				TEST_TARGET_NAME = CMICAswift;
			};
			name = Release;
		};
/* End XCBuildConfiguration section */

/* Begin XCConfigurationList section */
		FB1D52B02EB7E4EF0025CC68 /* Build configuration list for PBXProject "CMICAswift" */ = {
			isa = XCConfigurationList;
			buildConfigurations = (
				FB1D52D42EB7E4F20025CC68 /* Debug */,
				FB1D52D52EB7E4F20025CC68 /* Release */,
			);
			defaultConfigurationIsVisible = 0;
			defaultConfigurationName = Release;
		};
		FB1D52D62EB7E4F20025CC68 /* Build configuration list for PBXNativeTarget "CMICAswift" */ = {
			isa = XCConfigurationList;
			buildConfigurations = (
				FB1D52D72EB7E4F20025CC68 /* Debug */,
				FB1D52D82EB7E4F20025CC68 /* Release */,
			);
			defaultConfigurationIsVisible = 0;
			defaultConfigurationName = Release;
		};
		FB1D52D92EB7E4F20025CC68 /* Build configuration list for PBXNativeTarget "CMICAswiftTests" */ = {
			isa = XCConfigurationList;
			buildConfigurations = (
				FB1D52DA2EB7E4F20025CC68 /* Debug */,
				FB1D52DB2EB7E4F20025CC68 /* Release */,
			);
			defaultConfigurationIsVisible = 0;
			defaultConfigurationName = Release;
		};
		FB1D52DC2EB7E4F20025CC68 /* Build configuration list for PBXNativeTarget "CMICAswiftUITests" */ = {
			isa = XCConfigurationList;
			buildConfigurations = (
				FB1D52DD2EB7E4F20025CC68 /* Debug */,
				FB1D52DE2EB7E4F20025CC68 /* Release */,
			);
			defaultConfigurationIsVisible = 0;
			defaultConfigurationName = Release;
		};
/* End XCConfigurationList section */
	};
	rootObject = FB1D52AD2EB7E4EF0025CC68 /* Project object */;
}
